schema: '2.0'
stages:
  get_data:
    cmd: python get_data.py
    deps:
    - path: get_data.py
      hash: md5
      md5: ffd46ad8cde0c3210e3ebc7cf4a0e8a7
      size: 220
    outs:
    - path: data/data_raw.csv
      hash: md5
      md5: 500a0acbd112b7c512929eac892f9864
      size: 4009
  train:
    cmd: python train.py
    deps:
    - path: data/data_raw.csv
      hash: md5
      md5: 500a0acbd112b7c512929eac892f9864
      size: 4009
    - path: train.py
      hash: md5
      md5: 944087d5740fcb137c598a02b8cbfc91
      size: 871
    outs:
    - path: confusion_matrix.png
      hash: md5
      md5: a975b55119063f8a0851e82135edd09f
      size: 21541
    - path: metrics.json
      hash: md5
      md5: 484dae7eea13316cdc4bcf54825b3e80
      size: 32
